
Microsoft Visual Studio Solution File, Format Version 12.00
# Visual Studio Version 17
VisualStudioVersion = 17.9.34723.18
MinimumVisualStudioVersion = 10.0.40219.1
Project("{FAE04EC0-301F-11D3-BF4B-00C04F79EFBC}") = "BATTLE_SHIPS", "BATTLE_SHIPS\BATTLE_SHIPS.csproj", "{9BA75CE9-DB3D-401E-99DA-DFD357BA950B}"
EndProject
Global
	GlobalSection(SolutionConfigurationPlatforms) = preSolution
		Debug|Any CPU = Debug|Any CPU
		Release|Any CPU = Release|Any CPU
	EndGlobalSection
	GlobalSection(ProjectConfigurationPlatforms) = postSolution
		{9BA75CE9-DB3D-401E-99DA-DFD357BA950B}.Debug|Any CPU.ActiveCfg = Debug|Any CPU
		{9BA75CE9-DB3D-401E-99DA-DFD357BA950B}.Debug|Any CPU.Build.0 = Debug|Any CPU
		{9BA75CE9-DB3D-401E-99DA-DFD357BA950B}.Release|Any CPU.ActiveCfg = Release|Any CPU
		{9BA75CE9-DB3D-401E-99DA-DFD357BA950B}.Release|Any CPU.Build.0 = Release|Any CPU
	EndGlobalSection
	GlobalSection(SolutionProperties) = preSolution
		HideSolutionNode = FALSE
	EndGlobalSection
	GlobalSection(ExtensibilityGlobals) = postSolution
		SolutionGuid = {BD22FD72-695F-4342-9DAA-5D4FD8CCF013}
	EndGlobalSection
EndGlobal
